
Microsoft Visual Studio Solution File, Format Version 12.00
# Visual Studio 2013
VisualStudioVersion = 12.0.21005.1
MinimumVisualStudioVersion = 10.0.40219.1
Project("{FAE04EC0-301F-11D3-BF4B-00C04F79EFBC}") = "PR_02", "PR_02\PR_02.csproj", "{245C974B-02BC-42C0-A15F-62E695FBAA02}"
EndProject
Project("{FAE04EC0-301F-11D3-BF4B-00C04F79EFBC}") = "ExamBase", "ExamBase\ExamBase.csproj", "{D332CA3F-B325-498D-91E0-5E00245176A1}"
EndProject
Global
	GlobalSection(SolutionConfigurationPlatforms) = preSolution
		Debug|Any CPU = Debug|Any CPU
		Release|Any CPU = Release|Any CPU
	EndGlobalSection
	GlobalSection(ProjectConfigurationPlatforms) = postSolution
		{245C974B-02BC-42C0-A15F-62E695FBAA02}.Debug|Any CPU.ActiveCfg = Debug|Any CPU
		{245C974B-02BC-42C0-A15F-62E695FBAA02}.Debug|Any CPU.Build.0 = Debug|Any CPU
		{245C974B-02BC-42C0-A15F-62E695FBAA02}.Release|Any CPU.ActiveCfg = Release|Any CPU
		{245C974B-02BC-42C0-A15F-62E695FBAA02}.Release|Any CPU.Build.0 = Release|Any CPU
		{D332CA3F-B325-498D-91E0-5E00245176A1}.Debug|Any CPU.ActiveCfg = Debug|Any CPU
		{D332CA3F-B325-498D-91E0-5E00245176A1}.Debug|Any CPU.Build.0 = Debug|Any CPU
		{D332CA3F-B325-498D-91E0-5E00245176A1}.Release|Any CPU.ActiveCfg = Release|Any CPU
		{D332CA3F-B325-498D-91E0-5E00245176A1}.Release|Any CPU.Build.0 = Release|Any CPU
	EndGlobalSection
	GlobalSection(SolutionProperties) = preSolution
		HideSolutionNode = FALSE
	EndGlobalSection
EndGlobal
