
Microsoft Visual Studio Solution File, Format Version 12.00
# Visual Studio 14
VisualStudioVersion = 14.0.25420.1
MinimumVisualStudioVersion = 10.0.40219.1
Project("{FAE04EC0-301F-11D3-BF4B-00C04F79EFBC}") = "PR_01", "Soal04\PR_01.csproj", "{29D4395F-3DF6-4560-8931-3B5A5EEC4C89}"
EndProject
Global
	GlobalSection(SolutionConfigurationPlatforms) = preSolution
		Debug|Any CPU = Debug|Any CPU
		Release|Any CPU = Release|Any CPU
	EndGlobalSection
	GlobalSection(ProjectConfigurationPlatforms) = postSolution
		{29D4395F-3DF6-4560-8931-3B5A5EEC4C89}.Debug|Any CPU.ActiveCfg = Debug|Any CPU
		{29D4395F-3DF6-4560-8931-3B5A5EEC4C89}.Debug|Any CPU.Build.0 = Debug|Any CPU
		{29D4395F-3DF6-4560-8931-3B5A5EEC4C89}.Release|Any CPU.ActiveCfg = Release|Any CPU
		{29D4395F-3DF6-4560-8931-3B5A5EEC4C89}.Release|Any CPU.Build.0 = Release|Any CPU
	EndGlobalSection
	GlobalSection(SolutionProperties) = preSolution
		HideSolutionNode = FALSE
	EndGlobalSection
EndGlobal
